{
  "name": "@sinch/code-snippets",
  "version": "0.0.0",
  "lockfileVersion": 3,
  "requires": true,
  "packages": {
    "": {
      "name": "@sinch/code-snippets",
      "version": "0.0.0",
      "dependencies": {
        "@sinch/sdk-core": "^1.1.0"
      }
    },
    "node_modules/@sinch/conversation": {
      "version": "1.1.0",
      "resolved": "https://registry.npmjs.org/@sinch/conversation/-/conversation-1.1.0.tgz",
      "integrity": "sha512-8KxUnzO+a8fPmhSmpRX9zGfgF3Hvgg4ZQNF9CNVDVRckcE7p+mWENdWts7GXWSEKMONZIOXwYnosAeENMsZVow==",
      "dependencies": {
        "@sinch/sdk-client": "^1.1.0"
      }
    },
    "node_modules/@sinch/elastic-sip-trunking": {
      "version": "1.1.0",
      "resolved": "https://registry.npmjs.org/@sinch/elastic-sip-trunking/-/elastic-sip-trunking-1.1.0.tgz",
      "integrity": "sha512-1E635dxPFnCfS1e01WGSY2xcLGUsAngcghcsodFFMTXxmAL+2cxhFdmrodmBdNmCVpfPLkMSIdQC/t+1p+awNA==",
      "dependencies": {
        "@sinch/sdk-client": "^1.0.0"
      }
    },
    "node_modules/@sinch/fax": {
      "version": "1.1.0",
      "resolved": "https://registry.npmjs.org/@sinch/fax/-/fax-1.1.0.tgz",
      "integrity": "sha512-89NS1zMg07QAjj6Fr93moVjkfZSkVwYwegZfZ2LEo7SEuFXp9CahL5UoHXzipTNbtCxcouGUgiJkN0fxJBN/VQ==",
      "dependencies": {
        "@sinch/sdk-client": "^1.1.0"
      }
    },
    "node_modules/@sinch/numbers": {
      "version": "1.1.0",
      "resolved": "https://registry.npmjs.org/@sinch/numbers/-/numbers-1.1.0.tgz",
      "integrity": "sha512-uEtTDTPabY7f2CU1X/rpuBqWbDutqcHA34vaaJ1HbGWhdK406YfUKxBha60/kTAO5df+eDjVxg2SYiVNRpJNLw==",
      "dependencies": {
        "@sinch/sdk-client": "^1.1.0"
      }
    },
    "node_modules/@sinch/sdk-client": {
      "version": "1.1.0",
      "resolved": "https://registry.npmjs.org/@sinch/sdk-client/-/sdk-client-1.1.0.tgz",
      "integrity": "sha512-YiF8LpZ8RdWFdjyA1mlySyuNfVQPA1EV8gSecrvBUpwO8LyFhvbZF1OsMfaqVJiUr4mA/UArbbO6qSzwA2XgCQ==",
      "dependencies": {
        "form-data": "^4.0.0",
        "node-fetch": "2.7.0"
      }
    },
    "node_modules/@sinch/sdk-core": {
      "version": "1.1.0",
      "resolved": "https://registry.npmjs.org/@sinch/sdk-core/-/sdk-core-1.1.0.tgz",
      "integrity": "sha512-kqZ0n0ycClYPPSk5ugy9FFmq/j/qVXmhC8rgUBu2JWTjsOTsRVe9dSnUuQYaxj6V8sEjySUALtLiJBU3neeq8A==",
      "dependencies": {
        "@sinch/conversation": "^1.1.0",
        "@sinch/elastic-sip-trunking": "^1.1.0",
        "@sinch/fax": "^1.1.0",
        "@sinch/numbers": "^1.1.0",
        "@sinch/sms": "^1.1.0",
        "@sinch/verification": "^1.1.0",
        "@sinch/voice": "^1.1.0"
      }
    },
    "node_modules/@sinch/sms": {
      "version": "1.1.0",
      "resolved": "https://registry.npmjs.org/@sinch/sms/-/sms-1.1.0.tgz",
      "integrity": "sha512-6QXpLujzcl5jTvYFmB+UebVWYGXEHaRBsmE1vG7GAwIAOrCxdpusvSWitHeigCUz9CxrzdjC+3JmlS7q7rbONA==",
      "dependencies": {
        "@sinch/sdk-client": "^1.1.0"
      }
    },
    "node_modules/@sinch/verification": {
      "version": "1.1.0",
      "resolved": "https://registry.npmjs.org/@sinch/verification/-/verification-1.1.0.tgz",
      "integrity": "sha512-UcXf4dsrG0+qATCJIiCEyHwnyLknEtYSK1UKV40EGPkYNn4kVwxLRDglKOIq9txBQZ5MgpbFDTqedbf4AcREZQ==",
      "dependencies": {
        "@sinch/sdk-client": "^1.1.0"
      }
    },
    "node_modules/@sinch/voice": {
      "version": "1.1.0",
      "resolved": "https://registry.npmjs.org/@sinch/voice/-/voice-1.1.0.tgz",
      "integrity": "sha512-znOVSxBHRoI7J8zZGcFUrqDHR8hyOifh+IOR1FUnel4c1hS5s9HsHfmcnd4HmUca1P/ln0c19+KxMhNFBVLTAw==",
      "dependencies": {
        "@sinch/sdk-client": "^1.1.0"
      }
    },
    "node_modules/asynckit": {
      "version": "0.4.0",
      "resolved": "https://registry.npmjs.org/asynckit/-/asynckit-0.4.0.tgz",
      "integrity": "sha512-Oei9OH4tRh0YqU3GxhX79dM/mwVgvbZJaSNaRk+bshkj0S5cfHcgYakreBjrHwatXKbz+IoIdYLxrKim2MjW0Q=="
    },
    "node_modules/combined-stream": {
      "version": "1.0.8",
      "resolved": "https://registry.npmjs.org/combined-stream/-/combined-stream-1.0.8.tgz",
      "integrity": "sha512-FQN4MRfuJeHf7cBbBMJFXhKSDq+2kAArBlmRBvcvFE5BB1HZKXtSFASDhdlz9zOYwxh8lDdnvmMOe/+5cdoEdg==",
      "dependencies": {
        "delayed-stream": "~1.0.0"
      },
      "engines": {
        "node": ">= 0.8"
      }
    },
    "node_modules/delayed-stream": {
      "version": "1.0.0",
      "resolved": "https://registry.npmjs.org/delayed-stream/-/delayed-stream-1.0.0.tgz",
      "integrity": "sha512-ZySD7Nf91aLB0RxL4KGrKHBXl7Eds1DAmEdcoVawXnLD7SDhpNgtuII2aAkg7a7QS41jxPSZ17p4VdGnMHk3MQ==",
      "engines": {
        "node": ">=0.4.0"
      }
    },
    "node_modules/form-data": {
      "version": "4.0.0",
      "resolved": "https://registry.npmjs.org/form-data/-/form-data-4.0.0.tgz",
      "integrity": "sha512-ETEklSGi5t0QMZuiXoA/Q6vcnxcLQP5vdugSpuAyi6SVGi2clPPp+xgEhuMaHC+zGgn31Kd235W35f7Hykkaww==",
      "dependencies": {
        "asynckit": "^0.4.0",
        "combined-stream": "^1.0.8",
        "mime-types": "^2.1.12"
      },
      "engines": {
        "node": ">= 6"
      }
    },
    "node_modules/mime-db": {
      "version": "1.52.0",
      "resolved": "https://registry.npmjs.org/mime-db/-/mime-db-1.52.0.tgz",
      "integrity": "sha512-sPU4uV7dYlvtWJxwwxHD0PuihVNiE7TyAbQ5SWxDCB9mUYvOgroQOwYQQOKPJ8CIbE+1ETVlOoK1UC2nU3gYvg==",
      "engines": {
        "node": ">= 0.6"
      }
    },
    "node_modules/mime-types": {
      "version": "2.1.35",
      "resolved": "https://registry.npmjs.org/mime-types/-/mime-types-2.1.35.tgz",
      "integrity": "sha512-ZDY+bPm5zTTF+YpCrAU9nK0UgICYPT0QtT1NZWFv4s++TNkcgVaT0g6+4R2uI4MjQjzysHB1zxuWL50hzaeXiw==",
      "dependencies": {
        "mime-db": "1.52.0"
      },
      "engines": {
        "node": ">= 0.6"
      }
    },
    "node_modules/node-fetch": {
      "version": "2.7.0",
      "resolved": "https://registry.npmjs.org/node-fetch/-/node-fetch-2.7.0.tgz",
      "integrity": "sha512-c4FRfUm/dbcWZ7U+1Wq0AwCyFL+3nt2bEw05wfxSz+DWpWsitgmSgYmy2dQdWyKC1694ELPqMs/YzUSNozLt8A==",
      "dependencies": {
        "whatwg-url": "^5.0.0"
      },
      "engines": {
        "node": "4.x || >=6.0.0"
      },
      "peerDependencies": {
        "encoding": "^0.1.0"
      },
      "peerDependenciesMeta": {
        "encoding": {
          "optional": true
        }
      }
    },
    "node_modules/tr46": {
      "version": "0.0.3",
      "resolved": "https://registry.npmjs.org/tr46/-/tr46-0.0.3.tgz",
      "integrity": "sha512-N3WMsuqV66lT30CrXNbEjx4GEwlow3v6rr4mCcv6prnfwhS01rkgyFdjPNBYd9br7LpXV1+Emh01fHnq2Gdgrw=="
    },
    "node_modules/webidl-conversions": {
      "version": "3.0.1",
      "resolved": "https://registry.npmjs.org/webidl-conversions/-/webidl-conversions-3.0.1.tgz",
      "integrity": "sha512-2JAn3z8AR6rjK8Sm8orRC0h/bcl/DqL7tRPdGZ4I1CjdF+EaMLmYxBHyXuKL849eucPFhvBoxMsflfOb8kxaeQ=="
    },
    "node_modules/whatwg-url": {
      "version": "5.0.0",
      "resolved": "https://registry.npmjs.org/whatwg-url/-/whatwg-url-5.0.0.tgz",
      "integrity": "sha512-saE57nupxk6v3HY35+jzBwYa0rKSy0XR8JSxZPwgLr7ys0IBzhGviA1/TUGJLmSVqs8pb9AnvICXEuOHLprYTw==",
      "dependencies": {
        "tr46": "~0.0.3",
        "webidl-conversions": "^3.0.0"
      }
    }
  }
}
